<?xml version="1.0" encoding="utf-8"?>
<Project ToolsVersion="4.0" xmlns="http://schemas.microsoft.com/developer/msbuild/2003">
  <ItemGroup>
    <Filter Include="Source Files">
      <UniqueIdentifier>{4FC737F1-C7A5-4376-A066-2A32D752A2FF}</UniqueIdentifier>
      <Extensions>cpp;c;cc;cxx;c++;cppm;ixx;def;odl;idl;hpj;bat;asm;asmx</Extensions>
    </Filter>
    <Filter Include="Header Files">
      <UniqueIdentifier>{93995380-89BD-4b04-88EB-625FBE52EBFB}</UniqueIdentifier>
      <Extensions>h;hh;hpp;hxx;h++;hm;inl;inc;ipp;xsd</Extensions>
    </Filter>
    <Filter Include="Resource Files">
      <UniqueIdentifier>{67DA6AB6-F800-4c08-8B7A-83BB121AAD01}</UniqueIdentifier>
      <Extensions>rc;ico;cur;bmp;dlg;rc2;rct;bin;rgs;gif;jpg;jpeg;jpe;resx;tiff;tif;png;wav;mfcribbon-ms</Extensions>
    </Filter>
    <Filter Include="Header Files\Graphics">
      <UniqueIdentifier>{f631171f-3660-41fb-92e9-f52c49b6769d}</UniqueIdentifier>
    </Filter>
    <Filter Include="Header Files\Physics">
      <UniqueIdentifier>{a69822e8-98c4-422e-a347-a29152cb01fb}</UniqueIdentifier>
    </Filter>
    <Filter Include="Source Files\Graphics">
      <UniqueIdentifier>{fe7aa600-6595-4671-afec-e154e11510ff}</UniqueIdentifier>
    </Filter>
    <Filter Include="Source Files\Physics">
      <UniqueIdentifier>{69e44837-55e5-493d-a0a1-51738d74029e}</UniqueIdentifier>
    </Filter>
    <Filter Include="Source Files\Components">
      <UniqueIdentifier>{64dd99d6-dcd8-4242-a7aa-845051c45161}</UniqueIdentifier>
    </Filter>
    <Filter Include="Header Files\Components">
      <UniqueIdentifier>{e25466b9-d3bb-4e41-a06c-b58baf195229}</UniqueIdentifier>
    </Filter>
    <Filter Include="Source Files\Components\Physics">
      <UniqueIdentifier>{49124f54-b0c7-4eac-9f3d-8b5aa9f40ec2}</UniqueIdentifier>
    </Filter>
    <Filter Include="Source Files\Components\Graphics">
      <UniqueIdentifier>{d095054a-f19b-44ef-8478-d7dae0fcc099}</UniqueIdentifier>
    </Filter>
    <Filter Include="Header Files\Components\Graphics">
      <UniqueIdentifier>{7c4b699f-95b5-47fc-a107-17cd6e0d8496}</UniqueIdentifier>
    </Filter>
    <Filter Include="Header Files\Components\Physics">
      <UniqueIdentifier>{721b931e-df9b-43d6-994d-06a97102d490}</UniqueIdentifier>
    </Filter>
    <Filter Include="Header Files\Graphics\Pipelines">
      <UniqueIdentifier>{63a08deb-11e0-448e-b8fc-c1552f2f28bd}</UniqueIdentifier>
    </Filter>
    <Filter Include="Source Files\Graphics\Pipelines">
      <UniqueIdentifier>{f64e3bd7-ff25-4377-b515-7c78f3251d94}</UniqueIdentifier>
    </Filter>
    <Filter Include="Header Files\Physics\Broadphase">
      <UniqueIdentifier>{bc18a8ac-3c54-4918-b931-56e648bc186e}</UniqueIdentifier>
    </Filter>
    <Filter Include="Source Files\Physics\Broadphase">
      <UniqueIdentifier>{f826c9be-b4f3-41f8-92e8-138a7accfd97}</UniqueIdentifier>
    </Filter>
  </ItemGroup>
  <ItemGroup>
    <ClCompile Include="Source\Graphics\Framebuffer.cpp">
      <Filter>Source Files\Graphics</Filter>
    </ClCompile>
    <ClCompile Include="Source\Graphics\Material.cpp">
      <Filter>Source Files\Graphics</Filter>
    </ClCompile>
    <ClCompile Include="Source\Graphics\Mesh.cpp">
      <Filter>Source Files\Graphics</Filter>
    </ClCompile>
    <ClCompile Include="Source\Graphics\Model.cpp">
      <Filter>Source Files\Graphics</Filter>
    </ClCompile>
    <ClCompile Include="Source\Graphics\Renderer.cpp">
      <Filter>Source Files\Graphics</Filter>
    </ClCompile>
    <ClCompile Include="Source\Graphics\RenderTexture.cpp">
      <Filter>Source Files\Graphics</Filter>
    </ClCompile>
    <ClCompile Include="Source\Graphics\Shader.cpp">
      <Filter>Source Files\Graphics</Filter>
    </ClCompile>
    <ClCompile Include="Source\Graphics\Texture.cpp">
      <Filter>Source Files\Graphics</Filter>
    </ClCompile>
    <ClCompile Include="Source\Application.cpp">
      <Filter>Source Files</Filter>
    </ClCompile>
    <ClCompile Include="Source\Input.cpp">
      <Filter>Source Files</Filter>
    </ClCompile>
    <ClCompile Include="Source\Log.cpp">
      <Filter>Source Files</Filter>
    </ClCompile>
    <ClCompile Include="Source\Components\Camera.cpp">
      <Filter>Source Files\Components</Filter>
    </ClCompile>
    <ClCompile Include="Source\Components\Component.cpp">
      <Filter>Source Files\Components</Filter>
    </ClCompile>
    <ClCompile Include="Source\Components\Light.cpp">
      <Filter>Source Files\Components</Filter>
    </ClCompile>
    <ClCompile Include="Source\Components\Transform.cpp">
      <Filter>Source Files\Components</Filter>
    </ClCompile>
    <ClCompile Include="Source\GameObject.cpp">
      <Filter>Source Files</Filter>
    </ClCompile>
    <ClCompile Include="Source\Utilities.cpp">
      <Filter>Source Files</Filter>
    </ClCompile>
    <ClCompile Include="Source\FileWatcher.cpp">
      <Filter>Source Files</Filter>
    </ClCompile>
    <ClCompile Include="Source\Timer.cpp">
      <Filter>Source Files</Filter>
    </ClCompile>
    <ClCompile Include="Source\Scene.cpp">
      <Filter>Source Files</Filter>
    </ClCompile>
    <ClCompile Include="Source\Graphics\Gizmos.cpp">
      <Filter>Source Files\Graphics</Filter>
    </ClCompile>
    <ClCompile Include="Source\Physics\PhysicsSystem.cpp">
      <Filter>Source Files\Physics</Filter>
    </ClCompile>
    <ClCompile Include="Source\Components\Graphics\MeshRenderer.cpp">
      <Filter>Source Files\Components\Graphics</Filter>
    </ClCompile>
    <ClCompile Include="Source\Components\Graphics\SpriteRenderer.cpp">
      <Filter>Source Files\Components\Graphics</Filter>
    </ClCompile>
    <ClCompile Include="Source\Components\Physics\Rigidbody.cpp">
      <Filter>Source Files\Components\Physics</Filter>
    </ClCompile>
    <ClCompile Include="Source\Physics\Shapes.cpp">
      <Filter>Source Files\Physics</Filter>
    </ClCompile>
    <ClCompile Include="Source\Physics\CollisionInfo.cpp">
      <Filter>Source Files\Physics</Filter>
    </ClCompile>
    <ClCompile Include="Source\Components\Physics\BoxCollider.cpp">
      <Filter>Source Files\Components\Physics</Filter>
    </ClCompile>
    <ClCompile Include="Source\Components\Physics\Collider.cpp">
      <Filter>Source Files\Components\Physics</Filter>
    </ClCompile>
    <ClCompile Include="Source\Components\Physics\PlaneCollider.cpp">
      <Filter>Source Files\Components\Physics</Filter>
    </ClCompile>
    <ClCompile Include="Source\Components\Physics\SphereCollider.cpp">
      <Filter>Source Files\Components\Physics</Filter>
    </ClCompile>
    <ClCompile Include="Source\Graphics\RenderPass.cpp">
      <Filter>Source Files\Graphics</Filter>
    </ClCompile>
    <ClCompile Include="Source\Graphics\RenderPipeline.cpp">
      <Filter>Source Files\Graphics</Filter>
    </ClCompile>
    <ClCompile Include="Source\Graphics\Pipelines\Deferred.cpp">
      <Filter>Source Files\Graphics\Pipelines</Filter>
    </ClCompile>
    <ClCompile Include="Source\Graphics\Pipelines\Forward.cpp">
      <Filter>Source Files\Graphics\Pipelines</Filter>
    </ClCompile>
    <ClCompile Include="Source\Physics\Octree.cpp">
      <Filter>Source Files\Physics</Filter>
    </ClCompile>
    <ClCompile Include="Source\Components\Physics\Particle.cpp">
      <Filter>Source Files\Components\Physics</Filter>
    </ClCompile>
    <ClCompile Include="Source\Physics\Solver.cpp">
      <Filter>Source Files\Physics</Filter>
    </ClCompile>
    <ClCompile Include="Source\Physics\Broadphase\Broadphase.cpp">
      <Filter>Source Files\Physics\Broadphase</Filter>
    </ClCompile>
    <ClCompile Include="Source\Physics\Broadphase\BroadphaseOctree.cpp">
      <Filter>Source Files\Physics\Broadphase</Filter>
    </ClCompile>
  </ItemGroup>
  <ItemGroup>
    <ClInclude Include="Include\Engine\Application.hpp">
      <Filter>Header Files</Filter>
    </ClInclude>
    <ClInclude Include="Include\Engine\Input.hpp">
      <Filter>Header Files</Filter>
    </ClInclude>
    <ClInclude Include="Include\Engine\Graphics\Framebuffer.hpp">
      <Filter>Header Files\Graphics</Filter>
    </ClInclude>
    <ClInclude Include="Include\Engine\Graphics\Material.hpp">
      <Filter>Header Files\Graphics</Filter>
    </ClInclude>
    <ClInclude Include="Include\Engine\Graphics\Mesh.hpp">
      <Filter>Header Files\Graphics</Filter>
    </ClInclude>
    <ClInclude Include="Include\Engine\Graphics\Model.hpp">
      <Filter>Header Files\Graphics</Filter>
    </ClInclude>
    <ClInclude Include="Include\Engine\Graphics\Renderer.hpp">
      <Filter>Header Files\Graphics</Filter>
    </ClInclude>
    <ClInclude Include="Include\Engine\Graphics\RenderTexture.hpp">
      <Filter>Header Files\Graphics</Filter>
    </ClInclude>
    <ClInclude Include="Include\Engine\Graphics\Shader.hpp">
      <Filter>Header Files\Graphics</Filter>
    </ClInclude>
    <ClInclude Include="Include\Engine\Graphics\Texture.hpp">
      <Filter>Header Files\Graphics</Filter>
    </ClInclude>
    <ClInclude Include="Include\Engine\Log.hpp">
      <Filter>Header Files</Filter>
    </ClInclude>
    <ClInclude Include="Include\Engine\Components\Camera.hpp">
      <Filter>Header Files\Components</Filter>
    </ClInclude>
    <ClInclude Include="Include\Engine\Components\Component.hpp">
      <Filter>Header Files\Components</Filter>
    </ClInclude>
    <ClInclude Include="Include\Engine\Components\Light.hpp">
      <Filter>Header Files\Components</Filter>
    </ClInclude>
    <ClInclude Include="Include\Engine\Components\Transform.hpp">
      <Filter>Header Files\Components</Filter>
    </ClInclude>
    <ClInclude Include="Include\Engine\GameObject.hpp">
      <Filter>Header Files</Filter>
    </ClInclude>
    <ClInclude Include="Include\Engine\Utilities.hpp">
      <Filter>Header Files</Filter>
    </ClInclude>
    <ClInclude Include="Include\Engine\FileWatcher.hpp">
      <Filter>Header Files</Filter>
    </ClInclude>
    <ClInclude Include="Include\Engine\Timer.hpp">
      <Filter>Header Files</Filter>
    </ClInclude>
    <ClInclude Include="Include\Engine\Scene.hpp">
      <Filter>Header Files</Filter>
    </ClInclude>
    <ClInclude Include="Include\Engine\Graphics\Gizmos.hpp">
      <Filter>Header Files\Graphics</Filter>
    </ClInclude>
    <ClInclude Include="Include\Engine\Physics\Shapes.hpp">
      <Filter>Header Files\Physics</Filter>
    </ClInclude>
    <ClInclude Include="Include\Engine\Physics\PhysicsSystem.hpp">
      <Filter>Header Files\Physics</Filter>
    </ClInclude>
    <ClInclude Include="Include\Engine\Components\Graphics\MeshRenderer.hpp">
      <Filter>Header Files\Components\Graphics</Filter>
    </ClInclude>
    <ClInclude Include="Include\Engine\Components\Graphics\SpriteRenderer.hpp">
      <Filter>Header Files\Components\Graphics</Filter>
    </ClInclude>
    <ClInclude Include="Include\Engine\Components\Physics\Rigidbody.hpp">
      <Filter>Header Files\Components\Physics</Filter>
    </ClInclude>
    <ClInclude Include="Include\Engine\Physics\CollisionInfo.hpp">
      <Filter>Header Files\Physics</Filter>
    </ClInclude>
    <ClInclude Include="Include\Engine\Components\Physics\BoxCollider.hpp">
      <Filter>Header Files\Components\Physics</Filter>
    </ClInclude>
    <ClInclude Include="Include\Engine\Components\Physics\Collider.hpp">
      <Filter>Header Files\Components\Physics</Filter>
    </ClInclude>
    <ClInclude Include="Include\Engine\Components\Physics\PlaneCollider.hpp">
      <Filter>Header Files\Components\Physics</Filter>
    </ClInclude>
    <ClInclude Include="Include\Engine\Components\Physics\SphereCollider.hpp">
      <Filter>Header Files\Components\Physics</Filter>
    </ClInclude>
    <ClInclude Include="Include\Engine\Graphics\RenderPass.hpp">
      <Filter>Header Files\Graphics</Filter>
    </ClInclude>
    <ClInclude Include="Include\Engine\Graphics\RenderPipeline.hpp">
      <Filter>Header Files\Graphics</Filter>
    </ClInclude>
    <ClInclude Include="Include\Engine\Graphics\Pipelines\Deferred.hpp">
      <Filter>Header Files\Graphics\Pipelines</Filter>
    </ClInclude>
    <ClInclude Include="Include\Engine\Graphics\Pipelines\Forward.hpp">
      <Filter>Header Files\Graphics\Pipelines</Filter>
    </ClInclude>
    <ClInclude Include="Include\Engine\Components\Physics\Particle.hpp">
      <Filter>Header Files\Components\Physics</Filter>
    </ClInclude>
    <ClInclude Include="Include\Engine\Physics\Octree.hpp">
      <Filter>Header Files\Physics</Filter>
    </ClInclude>
    <ClInclude Include="Include\Engine\Physics\Solver.hpp">
      <Filter>Header Files\Physics</Filter>
    </ClInclude>
    <ClInclude Include="Include\Engine\Physics\Broadphase\Broadphase.hpp">
      <Filter>Header Files\Physics\Broadphase</Filter>
    </ClInclude>
    <ClInclude Include="Include\Engine\Physics\Broadphase\BroadphaseOctree.hpp">
      <Filter>Header Files\Physics\Broadphase</Filter>
    </ClInclude>
  </ItemGroup>
</Project>