
Microsoft Visual Studio Solution File, Format Version 12.00
# Visual Studio Version 17
VisualStudioVersion = 17.1.32120.378
MinimumVisualStudioVersion = 10.0.40219.1
Project("{8BC9CEB8-8B4A-11D0-8D11-00A0C91BC942}") = "Engine", "Engine\Engine.vcxproj", "{1EDA06B6-EC2E-4508-9EE7-24F1A83B8631}"
EndProject
Project("{8BC9CEB8-8B4A-11D0-8D11-00A0C91BC942}") = "GLFW", "Dependencies\GLFW\VS2022\GLFW.vcxproj", "{67DF7755-BCF7-4F05-A1B4-5CD7A5F4903A}"
EndProject
Project("{2150E333-8FDC-42A3-9474-1A3956D46DE8}") = "Dependencies", "Dependencies", "{98F10E37-379C-4204-8F32-126F7DEA4839}"
EndProject
Project("{8BC9CEB8-8B4A-11D0-8D11-00A0C91BC942}") = "ImGUI", "Dependencies\ImGUI\VS2022\ImGUI.vcxproj", "{DD4D824A-B4DA-4F8D-859B-14F71AB6CFA4}"
EndProject
Project("{2150E333-8FDC-42A3-9474-1A3956D46DE8}") = "Applications", "Applications", "{9F7A7E61-42FF-47A4-B9BC-5C991BBF2EBB}"
EndProject
Project("{8BC9CEB8-8B4A-11D0-8D11-00A0C91BC942}") = "PhysicsDemo", "Applications\PhysicsDemo\PhysicsDemo.vcxproj", "{76086415-2B32-4ABA-B977-A277D1B91703}"
EndProject
Project("{8BC9CEB8-8B4A-11D0-8D11-00A0C91BC942}") = "glad", "Dependencies\glad\glad.vcxproj", "{3E16E7FA-342A-48C1-B3EB-B08AB1DAB72C}"
EndProject
Project("{8BC9CEB8-8B4A-11D0-8D11-00A0C91BC942}") = "SpringDemo", "Applications\SpringDemo\SpringDemo.vcxproj", "{B23A96C4-6701-4F99-ABC5-824DAB6E25C7}"
EndProject
Project("{8BC9CEB8-8B4A-11D0-8D11-00A0C91BC942}") = "ClothDemo", "Applications\ClothDemo\ClothDemo.vcxproj", "{1A4BBA9F-5DE1-45BB-91A9-F68A6CCBB1CF}"
EndProject
Global
	GlobalSection(SolutionConfigurationPlatforms) = preSolution
		Debug|x64 = Debug|x64
		Debug|x86 = Debug|x86
		Release|x64 = Release|x64
		Release|x86 = Release|x86
	EndGlobalSection
	GlobalSection(ProjectConfigurationPlatforms) = postSolution
		{1EDA06B6-EC2E-4508-9EE7-24F1A83B8631}.Debug|x64.ActiveCfg = Debug|x64
		{1EDA06B6-EC2E-4508-9EE7-24F1A83B8631}.Debug|x64.Build.0 = Debug|x64
		{1EDA06B6-EC2E-4508-9EE7-24F1A83B8631}.Debug|x86.ActiveCfg = Debug|Win32
		{1EDA06B6-EC2E-4508-9EE7-24F1A83B8631}.Debug|x86.Build.0 = Debug|Win32
		{1EDA06B6-EC2E-4508-9EE7-24F1A83B8631}.Release|x64.ActiveCfg = Release|x64
		{1EDA06B6-EC2E-4508-9EE7-24F1A83B8631}.Release|x64.Build.0 = Release|x64
		{1EDA06B6-EC2E-4508-9EE7-24F1A83B8631}.Release|x86.ActiveCfg = Release|Win32
		{1EDA06B6-EC2E-4508-9EE7-24F1A83B8631}.Release|x86.Build.0 = Release|Win32
		{67DF7755-BCF7-4F05-A1B4-5CD7A5F4903A}.Debug|x64.ActiveCfg = Debug|x64
		{67DF7755-BCF7-4F05-A1B4-5CD7A5F4903A}.Debug|x64.Build.0 = Debug|x64
		{67DF7755-BCF7-4F05-A1B4-5CD7A5F4903A}.Debug|x86.ActiveCfg = Debug|Win32
		{67DF7755-BCF7-4F05-A1B4-5CD7A5F4903A}.Debug|x86.Build.0 = Debug|Win32
		{67DF7755-BCF7-4F05-A1B4-5CD7A5F4903A}.Release|x64.ActiveCfg = Release|x64
		{67DF7755-BCF7-4F05-A1B4-5CD7A5F4903A}.Release|x64.Build.0 = Release|x64
		{67DF7755-BCF7-4F05-A1B4-5CD7A5F4903A}.Release|x86.ActiveCfg = Release|Win32
		{67DF7755-BCF7-4F05-A1B4-5CD7A5F4903A}.Release|x86.Build.0 = Release|Win32
		{DD4D824A-B4DA-4F8D-859B-14F71AB6CFA4}.Debug|x64.ActiveCfg = Debug|x64
		{DD4D824A-B4DA-4F8D-859B-14F71AB6CFA4}.Debug|x64.Build.0 = Debug|x64
		{DD4D824A-B4DA-4F8D-859B-14F71AB6CFA4}.Debug|x86.ActiveCfg = Debug|Win32
		{DD4D824A-B4DA-4F8D-859B-14F71AB6CFA4}.Debug|x86.Build.0 = Debug|Win32
		{DD4D824A-B4DA-4F8D-859B-14F71AB6CFA4}.Release|x64.ActiveCfg = Release|x64
		{DD4D824A-B4DA-4F8D-859B-14F71AB6CFA4}.Release|x64.Build.0 = Release|x64
		{DD4D824A-B4DA-4F8D-859B-14F71AB6CFA4}.Release|x86.ActiveCfg = Release|Win32
		{DD4D824A-B4DA-4F8D-859B-14F71AB6CFA4}.Release|x86.Build.0 = Release|Win32
		{76086415-2B32-4ABA-B977-A277D1B91703}.Debug|x64.ActiveCfg = Debug|x64
		{76086415-2B32-4ABA-B977-A277D1B91703}.Debug|x64.Build.0 = Debug|x64
		{76086415-2B32-4ABA-B977-A277D1B91703}.Debug|x86.ActiveCfg = Debug|Win32
		{76086415-2B32-4ABA-B977-A277D1B91703}.Debug|x86.Build.0 = Debug|Win32
		{76086415-2B32-4ABA-B977-A277D1B91703}.Release|x64.ActiveCfg = Release|x64
		{76086415-2B32-4ABA-B977-A277D1B91703}.Release|x64.Build.0 = Release|x64
		{76086415-2B32-4ABA-B977-A277D1B91703}.Release|x86.ActiveCfg = Release|Win32
		{76086415-2B32-4ABA-B977-A277D1B91703}.Release|x86.Build.0 = Release|Win32
		{3E16E7FA-342A-48C1-B3EB-B08AB1DAB72C}.Debug|x64.ActiveCfg = Debug|x64
		{3E16E7FA-342A-48C1-B3EB-B08AB1DAB72C}.Debug|x64.Build.0 = Debug|x64
		{3E16E7FA-342A-48C1-B3EB-B08AB1DAB72C}.Debug|x86.ActiveCfg = Debug|Win32
		{3E16E7FA-342A-48C1-B3EB-B08AB1DAB72C}.Debug|x86.Build.0 = Debug|Win32
		{3E16E7FA-342A-48C1-B3EB-B08AB1DAB72C}.Release|x64.ActiveCfg = Release|x64
		{3E16E7FA-342A-48C1-B3EB-B08AB1DAB72C}.Release|x64.Build.0 = Release|x64
		{3E16E7FA-342A-48C1-B3EB-B08AB1DAB72C}.Release|x86.ActiveCfg = Release|Win32
		{3E16E7FA-342A-48C1-B3EB-B08AB1DAB72C}.Release|x86.Build.0 = Release|Win32
		{B23A96C4-6701-4F99-ABC5-824DAB6E25C7}.Debug|x64.ActiveCfg = Debug|x64
		{B23A96C4-6701-4F99-ABC5-824DAB6E25C7}.Debug|x64.Build.0 = Debug|x64
		{B23A96C4-6701-4F99-ABC5-824DAB6E25C7}.Debug|x86.ActiveCfg = Debug|Win32
		{B23A96C4-6701-4F99-ABC5-824DAB6E25C7}.Debug|x86.Build.0 = Debug|Win32
		{B23A96C4-6701-4F99-ABC5-824DAB6E25C7}.Release|x64.ActiveCfg = Release|x64
		{B23A96C4-6701-4F99-ABC5-824DAB6E25C7}.Release|x64.Build.0 = Release|x64
		{B23A96C4-6701-4F99-ABC5-824DAB6E25C7}.Release|x86.ActiveCfg = Release|Win32
		{B23A96C4-6701-4F99-ABC5-824DAB6E25C7}.Release|x86.Build.0 = Release|Win32
		{1A4BBA9F-5DE1-45BB-91A9-F68A6CCBB1CF}.Debug|x64.ActiveCfg = Debug|x64
		{1A4BBA9F-5DE1-45BB-91A9-F68A6CCBB1CF}.Debug|x64.Build.0 = Debug|x64
		{1A4BBA9F-5DE1-45BB-91A9-F68A6CCBB1CF}.Debug|x86.ActiveCfg = Debug|Win32
		{1A4BBA9F-5DE1-45BB-91A9-F68A6CCBB1CF}.Debug|x86.Build.0 = Debug|Win32
		{1A4BBA9F-5DE1-45BB-91A9-F68A6CCBB1CF}.Release|x64.ActiveCfg = Release|x64
		{1A4BBA9F-5DE1-45BB-91A9-F68A6CCBB1CF}.Release|x64.Build.0 = Release|x64
		{1A4BBA9F-5DE1-45BB-91A9-F68A6CCBB1CF}.Release|x86.ActiveCfg = Release|Win32
		{1A4BBA9F-5DE1-45BB-91A9-F68A6CCBB1CF}.Release|x86.Build.0 = Release|Win32
	EndGlobalSection
	GlobalSection(SolutionProperties) = preSolution
		HideSolutionNode = FALSE
	EndGlobalSection
	GlobalSection(NestedProjects) = preSolution
		{67DF7755-BCF7-4F05-A1B4-5CD7A5F4903A} = {98F10E37-379C-4204-8F32-126F7DEA4839}
		{DD4D824A-B4DA-4F8D-859B-14F71AB6CFA4} = {98F10E37-379C-4204-8F32-126F7DEA4839}
		{76086415-2B32-4ABA-B977-A277D1B91703} = {9F7A7E61-42FF-47A4-B9BC-5C991BBF2EBB}
		{3E16E7FA-342A-48C1-B3EB-B08AB1DAB72C} = {98F10E37-379C-4204-8F32-126F7DEA4839}
		{B23A96C4-6701-4F99-ABC5-824DAB6E25C7} = {9F7A7E61-42FF-47A4-B9BC-5C991BBF2EBB}
		{1A4BBA9F-5DE1-45BB-91A9-F68A6CCBB1CF} = {9F7A7E61-42FF-47A4-B9BC-5C991BBF2EBB}
	EndGlobalSection
	GlobalSection(ExtensibilityGlobals) = postSolution
		SolutionGuid = {E16E2349-1DC5-4276-9A78-F0011AD1377F}
	EndGlobalSection
EndGlobal
